<?xml version="1.0" encoding="utf-8"?>
<Project ToolsVersion="4.0" xmlns="http://schemas.microsoft.com/developer/msbuild/2003">
  <ItemGroup>
    <Filter Include="Исходные файлы">
      <UniqueIdentifier>{4FC737F1-C7A5-4376-A066-2A32D752A2FF}</UniqueIdentifier>
      <Extensions>cpp;c;cc;cxx;c++;cppm;ixx;def;odl;idl;hpj;bat;asm;asmx</Extensions>
    </Filter>
    <Filter Include="Файлы заголовков">
      <UniqueIdentifier>{93995380-89BD-4b04-88EB-625FBE52EBFB}</UniqueIdentifier>
      <Extensions>h;hh;hpp;hxx;h++;hm;inl;inc;ipp;xsd</Extensions>
    </Filter>
    <Filter Include="Файлы ресурсов">
      <UniqueIdentifier>{67DA6AB6-F800-4c08-8B7A-83BB121AAD01}</UniqueIdentifier>
      <Extensions>rc;ico;cur;bmp;dlg;rc2;rct;bin;rgs;gif;jpg;jpeg;jpe;resx;tiff;tif;png;wav;mfcribbon-ms</Extensions>
    </Filter>
  </ItemGroup>
  <ItemGroup>
    <ClCompile Include="UnistatProject.cpp">
      <Filter>Исходные файлы</Filter>
    </ClCompile>
    <ClCompile Include="settings.cpp">
      <Filter>Исходные файлы</Filter>
    </ClCompile>
    <ClCompile Include="controllers\stat_record.cpp">
      <Filter>Исходные файлы</Filter>
    </ClCompile>
    <ClCompile Include="visual\colors.cpp">
      <Filter>Исходные файлы</Filter>
    </ClCompile>
    <ClCompile Include="helpers\console.cpp">
      <Filter>Исходные файлы</Filter>
    </ClCompile>
    <ClCompile Include="models\file_model.cpp">
      <Filter>Исходные файлы</Filter>
    </ClCompile>
    <ClCompile Include="pages\load_page.cpp">
      <Filter>Исходные файлы</Filter>
    </ClCompile>
    <ClCompile Include="models\stat_model.cpp">
      <Filter>Исходные файлы</Filter>
    </ClCompile>
    <ClCompile Include="pages\stat\stat_page.cpp">
      <Filter>Исходные файлы</Filter>
    </ClCompile>
    <ClCompile Include="pages\stat\stat_record_page.cpp">
      <Filter>Исходные файлы</Filter>
    </ClCompile>
    <ClCompile Include="helpers\text.cpp">
      <Filter>Исходные файлы</Filter>
    </ClCompile>
    <ClCompile Include="pages\tutorial_page.cpp">
      <Filter>Исходные файлы</Filter>
    </ClCompile>
    <ClCompile Include="pages\start_page.cpp">
      <Filter>Исходные файлы</Filter>
    </ClCompile>
    <ClCompile Include="controllers\stat.cpp">
      <Filter>Исходные файлы</Filter>
    </ClCompile>
    <ClCompile Include="visual\dialogs.cpp">
      <Filter>Исходные файлы</Filter>
    </ClCompile>
    <ClCompile Include="visual\components.cpp">
      <Filter>Исходные файлы</Filter>
    </ClCompile>
    <ClCompile Include="pages\settings_page.cpp">
      <Filter>Исходные файлы</Filter>
    </ClCompile>
    <ClCompile Include="pages\stat\find_stat_page.cpp">
      <Filter>Исходные файлы</Filter>
    </ClCompile>
    <ClCompile Include="pages\stat\filter_stat_page.cpp">
      <Filter>Исходные файлы</Filter>
    </ClCompile>
  </ItemGroup>
  <ItemGroup>
    <ClInclude Include="settings.h">
      <Filter>Файлы заголовков</Filter>
    </ClInclude>
    <ClInclude Include="app.h">
      <Filter>Файлы заголовков</Filter>
    </ClInclude>
    <ClInclude Include="controllers\stat_record.h">
      <Filter>Файлы заголовков</Filter>
    </ClInclude>
    <ClInclude Include="visual\colors.h">
      <Filter>Файлы заголовков</Filter>
    </ClInclude>
    <ClInclude Include="helpers\console.h">
      <Filter>Файлы заголовков</Filter>
    </ClInclude>
    <ClInclude Include="models\file_model.h">
      <Filter>Файлы заголовков</Filter>
    </ClInclude>
    <ClInclude Include="pages\load_page.h">
      <Filter>Файлы заголовков</Filter>
    </ClInclude>
    <ClInclude Include="pages\start_page.h">
      <Filter>Файлы заголовков</Filter>
    </ClInclude>
    <ClInclude Include="models\stat_model.h">
      <Filter>Файлы заголовков</Filter>
    </ClInclude>
    <ClInclude Include="pages\stat\stat_page.h">
      <Filter>Файлы заголовков</Filter>
    </ClInclude>
    <ClInclude Include="controllers\stat.h">
      <Filter>Файлы заголовков</Filter>
    </ClInclude>
    <ClInclude Include="pages\stat\stat_record_page.h">
      <Filter>Файлы заголовков</Filter>
    </ClInclude>
    <ClInclude Include="helpers\text.h">
      <Filter>Файлы заголовков</Filter>
    </ClInclude>
    <ClInclude Include="pages\tutorial_page.h">
      <Filter>Файлы заголовков</Filter>
    </ClInclude>
    <ClInclude Include="visual\dialogs.h">
      <Filter>Файлы заголовков</Filter>
    </ClInclude>
    <ClInclude Include="visual\components.h">
      <Filter>Файлы заголовков</Filter>
    </ClInclude>
    <ClInclude Include="pages\settings_page.h">
      <Filter>Файлы заголовков</Filter>
    </ClInclude>
    <ClInclude Include="pages\stat\find_stat_page.h">
      <Filter>Файлы заголовков</Filter>
    </ClInclude>
    <ClInclude Include="pages\stat\filter_stat_page.h">
      <Filter>Файлы заголовков</Filter>
    </ClInclude>
  </ItemGroup>
  <ItemGroup>
    <Text Include="settings.txt" />
    <Text Include="students_list.txt" />
    <Text Include="index.txt" />
  </ItemGroup>
</Project>